
Microsoft Visual Studio Solution File, Format Version 12.00
# Visual Studio 14
VisualStudioVersion = 14.0.25420.1
MinimumVisualStudioVersion = 10.0.40219.1
Project("{FAE04EC0-301F-11D3-BF4B-00C04F79EFBC}") = "YelpFusion.Client", "YelpFusion.Client\YelpFusion.Client.csproj", "{C92C811C-652C-4371-9824-0E4827F637DD}"
EndProject
Project("{FAE04EC0-301F-11D3-BF4B-00C04F79EFBC}") = "YelpFusion.Client.Tests", "YelpFusion.Client.Tests\YelpFusion.Client.Tests.csproj", "{B388AF8C-1E1A-449D-863B-3925B184DF19}"
EndProject
Global
	GlobalSection(SolutionConfigurationPlatforms) = preSolution
		Debug|Any CPU = Debug|Any CPU
		Release|Any CPU = Release|Any CPU
	EndGlobalSection
	GlobalSection(ProjectConfigurationPlatforms) = postSolution
		{C92C811C-652C-4371-9824-0E4827F637DD}.Debug|Any CPU.ActiveCfg = Debug|Any CPU
		{C92C811C-652C-4371-9824-0E4827F637DD}.Debug|Any CPU.Build.0 = Debug|Any CPU
		{C92C811C-652C-4371-9824-0E4827F637DD}.Release|Any CPU.ActiveCfg = Release|Any CPU
		{C92C811C-652C-4371-9824-0E4827F637DD}.Release|Any CPU.Build.0 = Release|Any CPU
		{B388AF8C-1E1A-449D-863B-3925B184DF19}.Debug|Any CPU.ActiveCfg = Debug|Any CPU
		{B388AF8C-1E1A-449D-863B-3925B184DF19}.Debug|Any CPU.Build.0 = Debug|Any CPU
		{B388AF8C-1E1A-449D-863B-3925B184DF19}.Release|Any CPU.ActiveCfg = Release|Any CPU
		{B388AF8C-1E1A-449D-863B-3925B184DF19}.Release|Any CPU.Build.0 = Release|Any CPU
	EndGlobalSection
	GlobalSection(SolutionProperties) = preSolution
		HideSolutionNode = FALSE
	EndGlobalSection
EndGlobal
